// !$*UTF8*$!
{
	archiveVersion = 1;
	classes = {
	};
	objectVersion = 56;
	objects = {

/* Begin PBXBuildFile section */
		02DF61FB2A56E17300E8900A /* AppDelegate.swift in Sources */ = {isa = PBXBuildFile; fileRef = 02DF61FA2A56E17300E8900A /* AppDelegate.swift */; };
		02DF61FD2A56E17300E8900A /* SceneDelegate.swift in Sources */ = {isa = PBXBuildFile; fileRef = 02DF61FC2A56E17300E8900A /* SceneDelegate.swift */; };
		02DF61FF2A56E17300E8900A /* ViewController.swift in Sources */ = {isa = PBXBuildFile; fileRef = 02DF61FE2A56E17300E8900A /* ViewController.swift */; };
		02DF62022A56E17300E8900A /* Main.storyboard in Resources */ = {isa = PBXBuildFile; fileRef = 02DF62002A56E17300E8900A /* Main.storyboard */; };
		02DF62042A56E17400E8900A /* Assets.xcassets in Resources */ = {isa = PBXBuildFile; fileRef = 02DF62032A56E17400E8900A /* Assets.xcassets */; };
		02DF62072A56E17400E8900A /* LaunchScreen.storyboard in Resources */ = {isa = PBXBuildFile; fileRef = 02DF62052A56E17400E8900A /* LaunchScreen.storyboard */; };
		D03C80BF111651525BE3EFD1 /* Pods_testinge.framework in Frameworks */ = {isa = PBXBuildFile; fileRef = D191EDD2C8207C36C7B06D76 /* Pods_testinge.framework */; };
/* End PBXBuildFile section */

/* Begin PBXFileReference section */
		02DF61F72A56E17300E8900A /* testinge.app */ = {isa = PBXFileReference; explicitFileType = wrapper.application; includeInIndex = 0; path = testinge.app; sourceTree = BUILT_PRODUCTS_DIR; };
		02DF61FA2A56E17300E8900A /* AppDelegate.swift */ = {isa = PBXFileReference; lastKnownFileType = sourcecode.swift; path = AppDelegate.swift; sourceTree = "<group>"; };
		02DF61FC2A56E17300E8900A /* SceneDelegate.swift */ = {isa = PBXFileReference; lastKnownFileType = sourcecode.swift; path = SceneDelegate.swift; sourceTree = "<group>"; };
		02DF61FE2A56E17300E8900A /* ViewController.swift */ = {isa = PBXFileReference; lastKnownFileType = sourcecode.swift; path = ViewController.swift; sourceTree = "<group>"; };
		02DF62012A56E17300E8900A /* Base */ = {isa = PBXFileReference; lastKnownFileType = file.storyboard; name = Base; path = Base.lproj/Main.storyboard; sourceTree = "<group>"; };
		02DF62032A56E17400E8900A /* Assets.xcassets */ = {isa = PBXFileReference; lastKnownFileType = folder.assetcatalog; path = Assets.xcassets; sourceTree = "<group>"; };
		02DF62062A56E17400E8900A /* Base */ = {isa = PBXFileReference; lastKnownFileType = file.storyboard; name = Base; path = Base.lproj/LaunchScreen.storyboard; sourceTree = "<group>"; };
		02DF62082A56E17400E8900A /* Info.plist */ = {isa = PBXFileReference; lastKnownFileType = text.plist.xml; path = Info.plist; sourceTree = "<group>"; };
		0E4367B4ADD57702CDD9B574 /* Pods-testinge.release.xcconfig */ = {isa = PBXFileReference; includeInIndex = 1; lastKnownFileType = text.xcconfig; name = "Pods-testinge.release.xcconfig"; path = "Target Support Files/Pods-testinge/Pods-testinge.release.xcconfig"; sourceTree = "<group>"; };
		8DC9705D20B51CBD97FCDBFE /* Pods-testinge.debug.xcconfig */ = {isa = PBXFileReference; includeInIndex = 1; lastKnownFileType = text.xcconfig; name = "Pods-testinge.debug.xcconfig"; path = "Target Support Files/Pods-testinge/Pods-testinge.debug.xcconfig"; sourceTree = "<group>"; };
		D191EDD2C8207C36C7B06D76 /* Pods_testinge.framework */ = {isa = PBXFileReference; explicitFileType = wrapper.framework; includeInIndex = 0; path = Pods_testinge.framework; sourceTree = BUILT_PRODUCTS_DIR; };
/* End PBXFileReference section */

/* Begin PBXFrameworksBuildPhase section */
		02DF61F42A56E17300E8900A /* Frameworks */ = {
			isa = PBXFrameworksBuildPhase;
			buildActionMask = 2147483647;
			files = (
				D03C80BF111651525BE3EFD1 /* Pods_testinge.framework in Frameworks */,
			);
			runOnlyForDeploymentPostprocessing = 0;
		};
/* End PBXFrameworksBuildPhase section */

/* Begin PBXGroup section */
		02DF61EE2A56E17300E8900A = {
			isa = PBXGroup;
			children = (
				02DF61F92A56E17300E8900A /* testinge */,
				02DF61F82A56E17300E8900A /* Products */,
				C222D9A5438ACDF94ABABBC5 /* Pods */,
				B18DC8C19C157EAC6002586D /* Frameworks */,
			);
			sourceTree = "<group>";
		};
		02DF61F82A56E17300E8900A /* Products */ = {
			isa = PBXGroup;
			children = (
				02DF61F72A56E17300E8900A /* testinge.app */,
			);
			name = Products;
			sourceTree = "<group>";
		};
		02DF61F92A56E17300E8900A /* testinge */ = {
			isa = PBXGroup;
			children = (
				02DF61FA2A56E17300E8900A /* AppDelegate.swift */,
				02DF61FC2A56E17300E8900A /* SceneDelegate.swift */,
				02DF61FE2A56E17300E8900A /* ViewController.swift */,
				02DF62002A56E17300E8900A /* Main.storyboard */,
				02DF62032A56E17400E8900A /* Assets.xcassets */,
				02DF62052A56E17400E8900A /* LaunchScreen.storyboard */,
				02DF62082A56E17400E8900A /* Info.plist */,
			);
			path = testinge;
			sourceTree = "<group>";
		};
		B18DC8C19C157EAC6002586D /* Frameworks */ = {
			isa = PBXGroup;
			children = (
				D191EDD2C8207C36C7B06D76 /* Pods_testinge.framework */,
			);
			name = Frameworks;
			sourceTree = "<group>";
		};
		C222D9A5438ACDF94ABABBC5 /* Pods */ = {
			isa = PBXGroup;
			children = (
				8DC9705D20B51CBD97FCDBFE /* Pods-testinge.debug.xcconfig */,
				0E4367B4ADD57702CDD9B574 /* Pods-testinge.release.xcconfig */,
			);
			name = Pods;
			path = Pods;
			sourceTree = "<group>";
		};
/* End PBXGroup section */

/* Begin PBXNativeTarget section */
		02DF61F62A56E17300E8900A /* testinge */ = {
			isa = PBXNativeTarget;
			buildConfigurationList = 02DF620B2A56E17400E8900A /* Build configuration list for PBXNativeTarget "testinge" */;
			buildPhases = (
				A2ADB4DCFB0BCD28102751C3 /* [CP] Check Pods Manifest.lock */,
				02DF61F32A56E17300E8900A /* Sources */,
				02DF61F42A56E17300E8900A /* Frameworks */,
				02DF61F52A56E17300E8900A /* Resources */,
				10FBDE12DB6A7E9A73B778E8 /* [CP] Embed Pods Frameworks */,
			);
			buildRules = (
			);
			dependencies = (
			);
			name = testinge;
			productName = testinge;
			productReference = 02DF61F72A56E17300E8900A /* testinge.app */;
			productType = "com.apple.product-type.application";
		};
/* End PBXNativeTarget section */

/* Begin PBXProject section */
		02DF61EF2A56E17300E8900A /* Project object */ = {
			isa = PBXProject;
			attributes = {
				BuildIndependentTargetsInParallel = 1;
				LastSwiftUpdateCheck = 1420;
				LastUpgradeCheck = 1420;
				TargetAttributes = {
					02DF61F62A56E17300E8900A = {
						CreatedOnToolsVersion = 14.2;
					};
				};
			};
			buildConfigurationList = 02DF61F22A56E17300E8900A /* Build configuration list for PBXProject "testinge" */;
			compatibilityVersion = "Xcode 14.0";
			developmentRegion = en;
			hasScannedForEncodings = 0;
			knownRegions = (
				en,
				Base,
			);
			mainGroup = 02DF61EE2A56E17300E8900A;
			productRefGroup = 02DF61F82A56E17300E8900A /* Products */;
			projectDirPath = "";
			projectRoot = "";
			targets = (
				02DF61F62A56E17300E8900A /* testinge */,
			);
		};
/* End PBXProject section */

/* Begin PBXResourcesBuildPhase section */
		02DF61F52A56E17300E8900A /* Resources */ = {
			isa = PBXResourcesBuildPhase;
			buildActionMask = 2147483647;
			files = (
				02DF62072A56E17400E8900A /* LaunchScreen.storyboard in Resources */,
				02DF62042A56E17400E8900A /* Assets.xcassets in Resources */,
				02DF62022A56E17300E8900A /* Main.storyboard in Resources */,
			);
			runOnlyForDeploymentPostprocessing = 0;
		};
/* End PBXResourcesBuildPhase section */

/* Begin PBXShellScriptBuildPhase section */
		10FBDE12DB6A7E9A73B778E8 /* [CP] Embed Pods Frameworks */ = {
			isa = PBXShellScriptBuildPhase;
			buildActionMask = 2147483647;
			files = (
			);
			inputFileListPaths = (
				"${PODS_ROOT}/Target Support Files/Pods-testinge/Pods-testinge-frameworks-${CONFIGURATION}-input-files.xcfilelist",
			);
			name = "[CP] Embed Pods Frameworks";
			outputFileListPaths = (
				"${PODS_ROOT}/Target Support Files/Pods-testinge/Pods-testinge-frameworks-${CONFIGURATION}-output-files.xcfilelist",
			);
			runOnlyForDeploymentPostprocessing = 0;
			shellPath = /bin/sh;
			shellScript = "\"${PODS_ROOT}/Target Support Files/Pods-testinge/Pods-testinge-frameworks.sh\"\n";
			showEnvVarsInLog = 0;
		};
		A2ADB4DCFB0BCD28102751C3 /* [CP] Check Pods Manifest.lock */ = {
			isa = PBXShellScriptBuildPhase;
			buildActionMask = 2147483647;
			files = (
			);
			inputFileListPaths = (
			);
			inputPaths = (
				"${PODS_PODFILE_DIR_PATH}/Podfile.lock",
				"${PODS_ROOT}/Manifest.lock",
			);
			name = "[CP] Check Pods Manifest.lock";
			outputFileListPaths = (
			);
			outputPaths = (
				"$(DERIVED_FILE_DIR)/Pods-testinge-checkManifestLockResult.txt",
			);
			runOnlyForDeploymentPostprocessing = 0;
			shellPath = /bin/sh;
			shellScript = "diff \"${PODS_PODFILE_DIR_PATH}/Podfile.lock\" \"${PODS_ROOT}/Manifest.lock\" > /dev/null\nif [ $? != 0 ] ; then\n    # print error to STDERR\n    echo \"error: The sandbox is not in sync with the Podfile.lock. Run 'pod install' or update your CocoaPods installation.\" >&2\n    exit 1\nfi\n# This output is used by Xcode 'outputs' to avoid re-running this script phase.\necho \"SUCCESS\" > \"${SCRIPT_OUTPUT_FILE_0}\"\n";
			showEnvVarsInLog = 0;
		};
/* End PBXShellScriptBuildPhase section */

/* Begin PBXSourcesBuildPhase section */
		02DF61F32A56E17300E8900A /* Sources */ = {
			isa = PBXSourcesBuildPhase;
			buildActionMask = 2147483647;
			files = (
				02DF61FF2A56E17300E8900A /* ViewController.swift in Sources */,
				02DF61FB2A56E17300E8900A /* AppDelegate.swift in Sources */,
				02DF61FD2A56E17300E8900A /* SceneDelegate.swift in Sources */,
			);
			runOnlyForDeploymentPostprocessing = 0;
		};
/* End PBXSourcesBuildPhase section */

/* Begin PBXVariantGroup section */
		02DF62002A56E17300E8900A /* Main.storyboard */ = {
			isa = PBXVariantGroup;
			children = (
				02DF62012A56E17300E8900A /* Base */,
			);
			name = Main.storyboard;
			sourceTree = "<group>";
		};
		02DF62052A56E17400E8900A /* LaunchScreen.storyboard */ = {
			isa = PBXVariantGroup;
			children = (
				02DF62062A56E17400E8900A /* Base */,
			);
			name = LaunchScreen.storyboard;
			sourceTree = "<group>";
		};
/* End PBXVariantGroup section */

/* Begin XCBuildConfiguration section */
		02DF62092A56E17400E8900A /* Debug */ = {
			isa = XCBuildConfiguration;
			buildSettings = {
				ALWAYS_SEARCH_USER_PATHS = NO;
				CLANG_ANALYZER_NONNULL = YES;
				CLANG_ANALYZER_NUMBER_OBJECT_CONVERSION = YES_AGGRESSIVE;
				CLANG_CXX_LANGUAGE_STANDARD = "gnu++20";
				CLANG_ENABLE_MODULES = YES;
				CLANG_ENABLE_OBJC_ARC = YES;
				CLANG_ENABLE_OBJC_WEAK = YES;
				CLANG_WARN_BLOCK_CAPTURE_AUTORELEASING = YES;
				CLANG_WARN_BOOL_CONVERSION = YES;
				CLANG_WARN_COMMA = YES;
				CLANG_WARN_CONSTANT_CONVERSION = YES;
				CLANG_WARN_DEPRECATED_OBJC_IMPLEMENTATIONS = YES;
				CLANG_WARN_DIRECT_OBJC_ISA_USAGE = YES_ERROR;
				CLANG_WARN_DOCUMENTATION_COMMENTS = YES;
				CLANG_WARN_EMPTY_BODY = YES;
				CLANG_WARN_ENUM_CONVERSION = YES;
				CLANG_WARN_INFINITE_RECURSION = YES;
				CLANG_WARN_INT_CONVERSION = YES;
				CLANG_WARN_NON_LITERAL_NULL_CONVERSION = YES;
				CLANG_WARN_OBJC_IMPLICIT_RETAIN_SELF = YES;
				CLANG_WARN_OBJC_LITERAL_CONVERSION = YES;
				CLANG_WARN_OBJC_ROOT_CLASS = YES_ERROR;
				CLANG_WARN_QUOTED_INCLUDE_IN_FRAMEWORK_HEADER = YES;
				CLANG_WARN_RANGE_LOOP_ANALYSIS = YES;
				CLANG_WARN_STRICT_PROTOTYPES = YES;
				CLANG_WARN_SUSPICIOUS_MOVE = YES;
				CLANG_WARN_UNGUARDED_AVAILABILITY = YES_AGGRESSIVE;
				CLANG_WARN_UNREACHABLE_CODE = YES;
				CLANG_WARN__DUPLICATE_METHOD_MATCH = YES;
				COPY_PHASE_STRIP = NO;
				DEBUG_INFORMATION_FORMAT = dwarf;
				ENABLE_STRICT_OBJC_MSGSEND = YES;
				ENABLE_TESTABILITY = YES;
				GCC_C_LANGUAGE_STANDARD = gnu11;
				GCC_DYNAMIC_NO_PIC = NO;
				GCC_NO_COMMON_BLOCKS = YES;
				GCC_OPTIMIZATION_LEVEL = 0;
				GCC_PREPROCESSOR_DEFINITIONS = (
					"DEBUG=1",
					"$(inherited)",
				);
				GCC_WARN_64_TO_32_BIT_CONVERSION = YES;
				GCC_WARN_ABOUT_RETURN_TYPE = YES_ERROR;
				GCC_WARN_UNDECLARED_SELECTOR = YES;
				GCC_WARN_UNINITIALIZED_AUTOS = YES_AGGRESSIVE;
				GCC_WARN_UNUSED_FUNCTION = YES;
				GCC_WARN_UNUSED_VARIABLE = YES;
				IPHONEOS_DEPLOYMENT_TARGET = 16.2;
				MTL_ENABLE_DEBUG_INFO = INCLUDE_SOURCE;
				MTL_FAST_MATH = YES;
				ONLY_ACTIVE_ARCH = YES;
				SDKROOT = iphoneos;
				SWIFT_ACTIVE_COMPILATION_CONDITIONS = DEBUG;
				SWIFT_OPTIMIZATION_LEVEL = "-Onone";
			};
			name = Debug;
		};
		02DF620A2A56E17400E8900A /* Release */ = {
			isa = XCBuildConfiguration;
			buildSettings = {
				ALWAYS_SEARCH_USER_PATHS = NO;
				CLANG_ANALYZER_NONNULL = YES;
				CLANG_ANALYZER_NUMBER_OBJECT_CONVERSION = YES_AGGRESSIVE;
				CLANG_CXX_LANGUAGE_STANDARD = "gnu++20";
				CLANG_ENABLE_MODULES = YES;
				CLANG_ENABLE_OBJC_ARC = YES;
				CLANG_ENABLE_OBJC_WEAK = YES;
				CLANG_WARN_BLOCK_CAPTURE_AUTORELEASING = YES;
				CLANG_WARN_BOOL_CONVERSION = YES;
				CLANG_WARN_COMMA = YES;
				CLANG_WARN_CONSTANT_CONVERSION = YES;
				CLANG_WARN_DEPRECATED_OBJC_IMPLEMENTATIONS = YES;
				CLANG_WARN_DIRECT_OBJC_ISA_USAGE = YES_ERROR;
				CLANG_WARN_DOCUMENTATION_COMMENTS = YES;
				CLANG_WARN_EMPTY_BODY = YES;
				CLANG_WARN_ENUM_CONVERSION = YES;
				CLANG_WARN_INFINITE_RECURSION = YES;
				CLANG_WARN_INT_CONVERSION = YES;
				CLANG_WARN_NON_LITERAL_NULL_CONVERSION = YES;
				CLANG_WARN_OBJC_IMPLICIT_RETAIN_SELF = YES;
				CLANG_WARN_OBJC_LITERAL_CONVERSION = YES;
				CLANG_WARN_OBJC_ROOT_CLASS = YES_ERROR;
				CLANG_WARN_QUOTED_INCLUDE_IN_FRAMEWORK_HEADER = YES;
				CLANG_WARN_RANGE_LOOP_ANALYSIS = YES;
				CLANG_WARN_STRICT_PROTOTYPES = YES;
				CLANG_WARN_SUSPICIOUS_MOVE = YES;
				CLANG_WARN_UNGUARDED_AVAILABILITY = YES_AGGRESSIVE;
				CLANG_WARN_UNREACHABLE_CODE = YES;
				CLANG_WARN__DUPLICATE_METHOD_MATCH = YES;
				COPY_PHASE_STRIP = NO;
				DEBUG_INFORMATION_FORMAT = "dwarf-with-dsym";
				ENABLE_NS_ASSERTIONS = NO;
				ENABLE_STRICT_OBJC_MSGSEND = YES;
				GCC_C_LANGUAGE_STANDARD = gnu11;
				GCC_NO_COMMON_BLOCKS = YES;
				GCC_WARN_64_TO_32_BIT_CONVERSION = YES;
				GCC_WARN_ABOUT_RETURN_TYPE = YES_ERROR;
				GCC_WARN_UNDECLARED_SELECTOR = YES;
				GCC_WARN_UNINITIALIZED_AUTOS = YES_AGGRESSIVE;
				GCC_WARN_UNUSED_FUNCTION = YES;
				GCC_WARN_UNUSED_VARIABLE = YES;
				IPHONEOS_DEPLOYMENT_TARGET = 16.2;
				MTL_ENABLE_DEBUG_INFO = NO;
				MTL_FAST_MATH = YES;
				SDKROOT = iphoneos;
				SWIFT_COMPILATION_MODE = wholemodule;
				SWIFT_OPTIMIZATION_LEVEL = "-O";
				VALIDATE_PRODUCT = YES;
			};
			name = Release;
		};
		02DF620C2A56E17400E8900A /* Debug */ = {
			isa = XCBuildConfiguration;
			baseConfigurationReference = 8DC9705D20B51CBD97FCDBFE /* Pods-testinge.debug.xcconfig */;
			buildSettings = {
				ASSETCATALOG_COMPILER_APPICON_NAME = AppIcon;
				ASSETCATALOG_COMPILER_GLOBAL_ACCENT_COLOR_NAME = AccentColor;
				CODE_SIGN_STYLE = Automatic;
				CURRENT_PROJECT_VERSION = 1;
				GENERATE_INFOPLIST_FILE = YES;
				INFOPLIST_FILE = testinge/Info.plist;
				INFOPLIST_KEY_UIApplicationSupportsIndirectInputEvents = YES;
				INFOPLIST_KEY_UILaunchStoryboardName = LaunchScreen;
				INFOPLIST_KEY_UIMainStoryboardFile = Main;
				INFOPLIST_KEY_UISupportedInterfaceOrientations_iPad = "UIInterfaceOrientationPortrait UIInterfaceOrientationPortraitUpsideDown UIInterfaceOrientationLandscapeLeft UIInterfaceOrientationLandscapeRight";
				INFOPLIST_KEY_UISupportedInterfaceOrientations_iPhone = "UIInterfaceOrientationPortrait UIInterfaceOrientationLandscapeLeft UIInterfaceOrientationLandscapeRight";
				LD_RUNPATH_SEARCH_PATHS = (
					"$(inherited)",
					"@executable_path/Frameworks",
				);
				MARKETING_VERSION = 1.0;
				PRODUCT_BUNDLE_IDENTIFIER = com.suha.testinge;
				PRODUCT_NAME = "$(TARGET_NAME)";
				SWIFT_EMIT_LOC_STRINGS = YES;
				SWIFT_VERSION = 5.0;
				TARGETED_DEVICE_FAMILY = "1,2";
			};
			name = Debug;
		};
		02DF620D2A56E17400E8900A /* Release */ = {
			isa = XCBuildConfiguration;
			baseConfigurationReference = 0E4367B4ADD57702CDD9B574 /* Pods-testinge.release.xcconfig */;
			buildSettings = {
				ASSETCATALOG_COMPILER_APPICON_NAME = AppIcon;
				ASSETCATALOG_COMPILER_GLOBAL_ACCENT_COLOR_NAME = AccentColor;
				CODE_SIGN_STYLE = Automatic;
				CURRENT_PROJECT_VERSION = 1;
				GENERATE_INFOPLIST_FILE = YES;
				INFOPLIST_FILE = testinge/Info.plist;
				INFOPLIST_KEY_UIApplicationSupportsIndirectInputEvents = YES;
				INFOPLIST_KEY_UILaunchStoryboardName = LaunchScreen;
				INFOPLIST_KEY_UIMainStoryboardFile = Main;
				INFOPLIST_KEY_UISupportedInterfaceOrientations_iPad = "UIInterfaceOrientationPortrait UIInterfaceOrientationPortraitUpsideDown UIInterfaceOrientationLandscapeLeft UIInterfaceOrientationLandscapeRight";
				INFOPLIST_KEY_UISupportedInterfaceOrientations_iPhone = "UIInterfaceOrientationPortrait UIInterfaceOrientationLandscapeLeft UIInterfaceOrientationLandscapeRight";
				LD_RUNPATH_SEARCH_PATHS = (
					"$(inherited)",
					"@executable_path/Frameworks",
				);
				MARKETING_VERSION = 1.0;
				PRODUCT_BUNDLE_IDENTIFIER = com.suha.testinge;
				PRODUCT_NAME = "$(TARGET_NAME)";
				SWIFT_EMIT_LOC_STRINGS = YES;
				SWIFT_VERSION = 5.0;
				TARGETED_DEVICE_FAMILY = "1,2";
			};
			name = Release;
		};
/* End XCBuildConfiguration section */

/* Begin XCConfigurationList section */
		02DF61F22A56E17300E8900A /* Build configuration list for PBXProject "testinge" */ = {
			isa = XCConfigurationList;
			buildConfigurations = (
				02DF62092A56E17400E8900A /* Debug */,
				02DF620A2A56E17400E8900A /* Release */,
			);
			defaultConfigurationIsVisible = 0;
			defaultConfigurationName = Release;
		};
		02DF620B2A56E17400E8900A /* Build configuration list for PBXNativeTarget "testinge" */ = {
			isa = XCConfigurationList;
			buildConfigurations = (
				02DF620C2A56E17400E8900A /* Debug */,
				02DF620D2A56E17400E8900A /* Release */,
			);
			defaultConfigurationIsVisible = 0;
			defaultConfigurationName = Release;
		};
/* End XCConfigurationList section */
	};
	rootObject = 02DF61EF2A56E17300E8900A /* Project object */;
}
